// !$*UTF8*$!
{
	archiveVersion = 1;
	classes = {
	};
	objectVersion = 56;
	objects = {

/* Begin PBXBuildFile section */
		F76A61ED2B072375002E014F /* MDLab2App.swift in Sources */ = {isa = PBXBuildFile; fileRef = F76A61EC2B072375002E014F /* MDLab2App.swift */; };
		F76A61F42B072376002E014F /* Preview Assets.xcassets in Resources */ = {isa = PBXBuildFile; fileRef = F76A61F32B072376002E014F /* Preview Assets.xcassets */; };
		F76A62012B072411002E014F /* MainScreen.swift in Sources */ = {isa = PBXBuildFile; fileRef = F76A61FA2B072411002E014F /* MainScreen.swift */; };
		F76A62022B072411002E014F /* ServiceCard.swift in Sources */ = {isa = PBXBuildFile; fileRef = F76A61FB2B072411002E014F /* ServiceCard.swift */; };
		F76A62032B072411002E014F /* Header.swift in Sources */ = {isa = PBXBuildFile; fileRef = F76A61FC2B072411002E014F /* Header.swift */; };
		F76A62042B072411002E014F /* DoctorsLocations.swift in Sources */ = {isa = PBXBuildFile; fileRef = F76A61FD2B072411002E014F /* DoctorsLocations.swift */; };
		F76A62052B072411002E014F /* VisitCard.swift in Sources */ = {isa = PBXBuildFile; fileRef = F76A61FE2B072411002E014F /* VisitCard.swift */; };
		F76A62062B072411002E014F /* SearchBar.swift in Sources */ = {isa = PBXBuildFile; fileRef = F76A61FF2B072411002E014F /* SearchBar.swift */; };
		F76A62072B072411002E014F /* NavigationBar.swift in Sources */ = {isa = PBXBuildFile; fileRef = F76A62002B072411002E014F /* NavigationBar.swift */; };
		F7804A832B10B2B800CBA846 /* DoctrorLocation.swift in Sources */ = {isa = PBXBuildFile; fileRef = F7804A812B10B2B800CBA846 /* DoctrorLocation.swift */; };
		F7804A862B10CAAB00CBA846 /* Assets.xcassets in Resources */ = {isa = PBXBuildFile; fileRef = F7804A852B10CAAB00CBA846 /* Assets.xcassets */; };
		F7D78A142B11EB3500DB2133 /* NextVisit.swift in Sources */ = {isa = PBXBuildFile; fileRef = F7D78A132B11EB3500DB2133 /* NextVisit.swift */; };
/* End PBXBuildFile section */

/* Begin PBXFileReference section */
		F76A61E92B072375002E014F /* MDLab2.app */ = {isa = PBXFileReference; explicitFileType = wrapper.application; includeInIndex = 0; path = MDLab2.app; sourceTree = BUILT_PRODUCTS_DIR; };
		F76A61EC2B072375002E014F /* MDLab2App.swift */ = {isa = PBXFileReference; lastKnownFileType = sourcecode.swift; path = MDLab2App.swift; sourceTree = "<group>"; };
		F76A61F32B072376002E014F /* Preview Assets.xcassets */ = {isa = PBXFileReference; lastKnownFileType = folder.assetcatalog; path = "Preview Assets.xcassets"; sourceTree = "<group>"; };
		F76A61FA2B072411002E014F /* MainScreen.swift */ = {isa = PBXFileReference; fileEncoding = 4; lastKnownFileType = sourcecode.swift; path = MainScreen.swift; sourceTree = "<group>"; };
		F76A61FB2B072411002E014F /* ServiceCard.swift */ = {isa = PBXFileReference; fileEncoding = 4; lastKnownFileType = sourcecode.swift; path = ServiceCard.swift; sourceTree = "<group>"; };
		F76A61FC2B072411002E014F /* Header.swift */ = {isa = PBXFileReference; fileEncoding = 4; lastKnownFileType = sourcecode.swift; path = Header.swift; sourceTree = "<group>"; };
		F76A61FD2B072411002E014F /* DoctorsLocations.swift */ = {isa = PBXFileReference; fileEncoding = 4; lastKnownFileType = sourcecode.swift; path = DoctorsLocations.swift; sourceTree = "<group>"; };
		F76A61FE2B072411002E014F /* VisitCard.swift */ = {isa = PBXFileReference; fileEncoding = 4; lastKnownFileType = sourcecode.swift; path = VisitCard.swift; sourceTree = "<group>"; };
		F76A61FF2B072411002E014F /* SearchBar.swift */ = {isa = PBXFileReference; fileEncoding = 4; lastKnownFileType = sourcecode.swift; path = SearchBar.swift; sourceTree = "<group>"; };
		F76A62002B072411002E014F /* NavigationBar.swift */ = {isa = PBXFileReference; fileEncoding = 4; lastKnownFileType = sourcecode.swift; path = NavigationBar.swift; sourceTree = "<group>"; };
		F7804A812B10B2B800CBA846 /* DoctrorLocation.swift */ = {isa = PBXFileReference; fileEncoding = 4; lastKnownFileType = sourcecode.swift; path = DoctrorLocation.swift; sourceTree = "<group>"; };
		F7804A852B10CAAB00CBA846 /* Assets.xcassets */ = {isa = PBXFileReference; lastKnownFileType = folder.assetcatalog; path = Assets.xcassets; sourceTree = "<group>"; };
		F7D78A132B11EB3500DB2133 /* NextVisit.swift */ = {isa = PBXFileReference; lastKnownFileType = sourcecode.swift; path = NextVisit.swift; sourceTree = "<group>"; };
/* End PBXFileReference section */

/* Begin PBXFrameworksBuildPhase section */
		F76A61E62B072375002E014F /* Frameworks */ = {
			isa = PBXFrameworksBuildPhase;
			buildActionMask = 2147483647;
			files = (
			);
			runOnlyForDeploymentPostprocessing = 0;
		};
/* End PBXFrameworksBuildPhase section */

/* Begin PBXGroup section */
		F76A61E02B072375002E014F = {
			isa = PBXGroup;
			children = (
				F76A61EB2B072375002E014F /* MDLab2 */,
				F76A61EA2B072375002E014F /* Products */,
			);
			sourceTree = "<group>";
		};
		F76A61EA2B072375002E014F /* Products */ = {
			isa = PBXGroup;
			children = (
				F76A61E92B072375002E014F /* MDLab2.app */,
			);
			name = Products;
			sourceTree = "<group>";
		};
		F76A61EB2B072375002E014F /* MDLab2 */ = {
			isa = PBXGroup;
			children = (
				F7804A802B10B2B800CBA846 /* entities */,
				F76A61EC2B072375002E014F /* MDLab2App.swift */,
				F76A61FA2B072411002E014F /* MainScreen.swift */,
				F76A61FC2B072411002E014F /* Header.swift */,
				F76A61FE2B072411002E014F /* VisitCard.swift */,
				F76A61FF2B072411002E014F /* SearchBar.swift */,
				F76A61FB2B072411002E014F /* ServiceCard.swift */,
				F76A61FD2B072411002E014F /* DoctorsLocations.swift */,
				F76A62002B072411002E014F /* NavigationBar.swift */,
				F7804A852B10CAAB00CBA846 /* Assets.xcassets */,
				F76A61F22B072376002E014F /* Preview Content */,
			);
			path = MDLab2;
			sourceTree = "<group>";
		};
		F76A61F22B072376002E014F /* Preview Content */ = {
			isa = PBXGroup;
			children = (
				F76A61F32B072376002E014F /* Preview Assets.xcassets */,
			);
			path = "Preview Content";
			sourceTree = "<group>";
		};
		F7804A802B10B2B800CBA846 /* entities */ = {
			isa = PBXGroup;
			children = (
				F7804A812B10B2B800CBA846 /* DoctrorLocation.swift */,
				F7D78A132B11EB3500DB2133 /* NextVisit.swift */,
			);
			path = entities;
			sourceTree = "<group>";
		};
/* End PBXGroup section */

/* Begin PBXNativeTarget section */
		F76A61E82B072375002E014F /* MDLab2 */ = {
			isa = PBXNativeTarget;
			buildConfigurationList = F76A61F72B072376002E014F /* Build configuration list for PBXNativeTarget "MDLab2" */;
			buildPhases = (
				F76A61E52B072375002E014F /* Sources */,
				F76A61E62B072375002E014F /* Frameworks */,
				F76A61E72B072375002E014F /* Resources */,
			);
			buildRules = (
			);
			dependencies = (
			);
			name = MDLab2;
			productName = MDLab2;
			productReference = F76A61E92B072375002E014F /* MDLab2.app */;
			productType = "com.apple.product-type.application";
		};
/* End PBXNativeTarget section */

/* Begin PBXProject section */
		F76A61E12B072375002E014F /* Project object */ = {
			isa = PBXProject;
			attributes = {
				BuildIndependentTargetsInParallel = 1;
				LastSwiftUpdateCheck = 1430;
				LastUpgradeCheck = 1430;
				TargetAttributes = {
					F76A61E82B072375002E014F = {
						CreatedOnToolsVersion = 14.3.1;
					};
				};
			};
			buildConfigurationList = F76A61E42B072375002E014F /* Build configuration list for PBXProject "MDLab2" */;
			compatibilityVersion = "Xcode 14.0";
			developmentRegion = en;
			hasScannedForEncodings = 0;
			knownRegions = (
				en,
				Base,
			);
			mainGroup = F76A61E02B072375002E014F;
			productRefGroup = F76A61EA2B072375002E014F /* Products */;
			projectDirPath = "";
			projectRoot = "";
			targets = (
				F76A61E82B072375002E014F /* MDLab2 */,
			);
		};
/* End PBXProject section */

/* Begin PBXResourcesBuildPhase section */
		F76A61E72B072375002E014F /* Resources */ = {
			isa = PBXResourcesBuildPhase;
			buildActionMask = 2147483647;
			files = (
				F76A61F42B072376002E014F /* Preview Assets.xcassets in Resources */,
				F7804A862B10CAAB00CBA846 /* Assets.xcassets in Resources */,
			);
			runOnlyForDeploymentPostprocessing = 0;
		};
/* End PBXResourcesBuildPhase section */

/* Begin PBXSourcesBuildPhase section */
		F76A61E52B072375002E014F /* Sources */ = {
			isa = PBXSourcesBuildPhase;
			buildActionMask = 2147483647;
			files = (
				F76A62062B072411002E014F /* SearchBar.swift in Sources */,
				F76A62032B072411002E014F /* Header.swift in Sources */,
				F76A62052B072411002E014F /* VisitCard.swift in Sources */,
				F76A62072B072411002E014F /* NavigationBar.swift in Sources */,
				F7804A832B10B2B800CBA846 /* DoctrorLocation.swift in Sources */,
				F76A62042B072411002E014F /* DoctorsLocations.swift in Sources */,
				F76A62012B072411002E014F /* MainScreen.swift in Sources */,
				F76A61ED2B072375002E014F /* MDLab2App.swift in Sources */,
				F7D78A142B11EB3500DB2133 /* NextVisit.swift in Sources */,
				F76A62022B072411002E014F /* ServiceCard.swift in Sources */,
			);
			runOnlyForDeploymentPostprocessing = 0;
		};
/* End PBXSourcesBuildPhase section */

/* Begin XCBuildConfiguration section */
		F76A61F52B072376002E014F /* Debug */ = {
			isa = XCBuildConfiguration;
			buildSettings = {
				ALWAYS_SEARCH_USER_PATHS = NO;
				CLANG_ANALYZER_NONNULL = YES;
				CLANG_ANALYZER_NUMBER_OBJECT_CONVERSION = YES_AGGRESSIVE;
				CLANG_CXX_LANGUAGE_STANDARD = "gnu++20";
				CLANG_ENABLE_MODULES = YES;
				CLANG_ENABLE_OBJC_ARC = YES;
				CLANG_ENABLE_OBJC_WEAK = YES;
				CLANG_WARN_BLOCK_CAPTURE_AUTORELEASING = YES;
				CLANG_WARN_BOOL_CONVERSION = YES;
				CLANG_WARN_COMMA = YES;
				CLANG_WARN_CONSTANT_CONVERSION = YES;
				CLANG_WARN_DEPRECATED_OBJC_IMPLEMENTATIONS = YES;
				CLANG_WARN_DIRECT_OBJC_ISA_USAGE = YES_ERROR;
				CLANG_WARN_DOCUMENTATION_COMMENTS = YES;
				CLANG_WARN_EMPTY_BODY = YES;
				CLANG_WARN_ENUM_CONVERSION = YES;
				CLANG_WARN_INFINITE_RECURSION = YES;
				CLANG_WARN_INT_CONVERSION = YES;
				CLANG_WARN_NON_LITERAL_NULL_CONVERSION = YES;
				CLANG_WARN_OBJC_IMPLICIT_RETAIN_SELF = YES;
				CLANG_WARN_OBJC_LITERAL_CONVERSION = YES;
				CLANG_WARN_OBJC_ROOT_CLASS = YES_ERROR;
				CLANG_WARN_QUOTED_INCLUDE_IN_FRAMEWORK_HEADER = YES;
				CLANG_WARN_RANGE_LOOP_ANALYSIS = YES;
				CLANG_WARN_STRICT_PROTOTYPES = YES;
				CLANG_WARN_SUSPICIOUS_MOVE = YES;
				CLANG_WARN_UNGUARDED_AVAILABILITY = YES_AGGRESSIVE;
				CLANG_WARN_UNREACHABLE_CODE = YES;
				CLANG_WARN__DUPLICATE_METHOD_MATCH = YES;
				COPY_PHASE_STRIP = NO;
				DEBUG_INFORMATION_FORMAT = dwarf;
				ENABLE_STRICT_OBJC_MSGSEND = YES;
				ENABLE_TESTABILITY = YES;
				GCC_C_LANGUAGE_STANDARD = gnu11;
				GCC_DYNAMIC_NO_PIC = NO;
				GCC_NO_COMMON_BLOCKS = YES;
				GCC_OPTIMIZATION_LEVEL = 0;
				GCC_PREPROCESSOR_DEFINITIONS = (
					"DEBUG=1",
					"$(inherited)",
				);
				GCC_WARN_64_TO_32_BIT_CONVERSION = YES;
				GCC_WARN_ABOUT_RETURN_TYPE = YES_ERROR;
				GCC_WARN_UNDECLARED_SELECTOR = YES;
				GCC_WARN_UNINITIALIZED_AUTOS = YES_AGGRESSIVE;
				GCC_WARN_UNUSED_FUNCTION = YES;
				GCC_WARN_UNUSED_VARIABLE = YES;
				IPHONEOS_DEPLOYMENT_TARGET = 16.4;
				MTL_ENABLE_DEBUG_INFO = INCLUDE_SOURCE;
				MTL_FAST_MATH = YES;
				ONLY_ACTIVE_ARCH = YES;
				SDKROOT = iphoneos;
				SWIFT_ACTIVE_COMPILATION_CONDITIONS = DEBUG;
				SWIFT_OPTIMIZATION_LEVEL = "-Onone";
			};
			name = Debug;
		};
		F76A61F62B072376002E014F /* Release */ = {
			isa = XCBuildConfiguration;
			buildSettings = {
				ALWAYS_SEARCH_USER_PATHS = NO;
				CLANG_ANALYZER_NONNULL = YES;
				CLANG_ANALYZER_NUMBER_OBJECT_CONVERSION = YES_AGGRESSIVE;
				CLANG_CXX_LANGUAGE_STANDARD = "gnu++20";
				CLANG_ENABLE_MODULES = YES;
				CLANG_ENABLE_OBJC_ARC = YES;
				CLANG_ENABLE_OBJC_WEAK = YES;
				CLANG_WARN_BLOCK_CAPTURE_AUTORELEASING = YES;
				CLANG_WARN_BOOL_CONVERSION = YES;
				CLANG_WARN_COMMA = YES;
				CLANG_WARN_CONSTANT_CONVERSION = YES;
				CLANG_WARN_DEPRECATED_OBJC_IMPLEMENTATIONS = YES;
				CLANG_WARN_DIRECT_OBJC_ISA_USAGE = YES_ERROR;
				CLANG_WARN_DOCUMENTATION_COMMENTS = YES;
				CLANG_WARN_EMPTY_BODY = YES;
				CLANG_WARN_ENUM_CONVERSION = YES;
				CLANG_WARN_INFINITE_RECURSION = YES;
				CLANG_WARN_INT_CONVERSION = YES;
				CLANG_WARN_NON_LITERAL_NULL_CONVERSION = YES;
				CLANG_WARN_OBJC_IMPLICIT_RETAIN_SELF = YES;
				CLANG_WARN_OBJC_LITERAL_CONVERSION = YES;
				CLANG_WARN_OBJC_ROOT_CLASS = YES_ERROR;
				CLANG_WARN_QUOTED_INCLUDE_IN_FRAMEWORK_HEADER = YES;
				CLANG_WARN_RANGE_LOOP_ANALYSIS = YES;
				CLANG_WARN_STRICT_PROTOTYPES = YES;
				CLANG_WARN_SUSPICIOUS_MOVE = YES;
				CLANG_WARN_UNGUARDED_AVAILABILITY = YES_AGGRESSIVE;
				CLANG_WARN_UNREACHABLE_CODE = YES;
				CLANG_WARN__DUPLICATE_METHOD_MATCH = YES;
				COPY_PHASE_STRIP = NO;
				DEBUG_INFORMATION_FORMAT = "dwarf-with-dsym";
				ENABLE_NS_ASSERTIONS = NO;
				ENABLE_STRICT_OBJC_MSGSEND = YES;
				GCC_C_LANGUAGE_STANDARD = gnu11;
				GCC_NO_COMMON_BLOCKS = YES;
				GCC_WARN_64_TO_32_BIT_CONVERSION = YES;
				GCC_WARN_ABOUT_RETURN_TYPE = YES_ERROR;
				GCC_WARN_UNDECLARED_SELECTOR = YES;
				GCC_WARN_UNINITIALIZED_AUTOS = YES_AGGRESSIVE;
				GCC_WARN_UNUSED_FUNCTION = YES;
				GCC_WARN_UNUSED_VARIABLE = YES;
				IPHONEOS_DEPLOYMENT_TARGET = 16.4;
				MTL_ENABLE_DEBUG_INFO = NO;
				MTL_FAST_MATH = YES;
				SDKROOT = iphoneos;
				SWIFT_COMPILATION_MODE = wholemodule;
				SWIFT_OPTIMIZATION_LEVEL = "-O";
				VALIDATE_PRODUCT = YES;
			};
			name = Release;
		};
		F76A61F82B072376002E014F /* Debug */ = {
			isa = XCBuildConfiguration;
			buildSettings = {
				ASSETCATALOG_COMPILER_APPICON_NAME = AppIcon;
				ASSETCATALOG_COMPILER_GLOBAL_ACCENT_COLOR_NAME = AccentColor;
				CODE_SIGN_STYLE = Automatic;
				CURRENT_PROJECT_VERSION = 1;
				DEVELOPMENT_ASSET_PATHS = "\"MDLab2/Preview Content\"";
				ENABLE_PREVIEWS = YES;
				GENERATE_INFOPLIST_FILE = YES;
				INFOPLIST_KEY_UIApplicationSceneManifest_Generation = YES;
				INFOPLIST_KEY_UIApplicationSupportsIndirectInputEvents = YES;
				INFOPLIST_KEY_UILaunchScreen_Generation = YES;
				INFOPLIST_KEY_UISupportedInterfaceOrientations_iPad = "UIInterfaceOrientationPortrait UIInterfaceOrientationPortraitUpsideDown UIInterfaceOrientationLandscapeLeft UIInterfaceOrientationLandscapeRight";
				INFOPLIST_KEY_UISupportedInterfaceOrientations_iPhone = "UIInterfaceOrientationPortrait UIInterfaceOrientationLandscapeLeft UIInterfaceOrientationLandscapeRight";
				LD_RUNPATH_SEARCH_PATHS = (
					"$(inherited)",
					"@executable_path/Frameworks",
				);
				MARKETING_VERSION = 1.0;
				PRODUCT_BUNDLE_IDENTIFIER = com.experiment.MDLab2;
				PRODUCT_NAME = "$(TARGET_NAME)";
				SWIFT_EMIT_LOC_STRINGS = YES;
				SWIFT_VERSION = 5.0;
				TARGETED_DEVICE_FAMILY = "1,2";
			};
			name = Debug;
		};
		F76A61F92B072376002E014F /* Release */ = {
			isa = XCBuildConfiguration;
			buildSettings = {
				ASSETCATALOG_COMPILER_APPICON_NAME = AppIcon;
				ASSETCATALOG_COMPILER_GLOBAL_ACCENT_COLOR_NAME = AccentColor;
				CODE_SIGN_STYLE = Automatic;
				CURRENT_PROJECT_VERSION = 1;
				DEVELOPMENT_ASSET_PATHS = "\"MDLab2/Preview Content\"";
				ENABLE_PREVIEWS = YES;
				GENERATE_INFOPLIST_FILE = YES;
				INFOPLIST_KEY_UIApplicationSceneManifest_Generation = YES;
				INFOPLIST_KEY_UIApplicationSupportsIndirectInputEvents = YES;
				INFOPLIST_KEY_UILaunchScreen_Generation = YES;
				INFOPLIST_KEY_UISupportedInterfaceOrientations_iPad = "UIInterfaceOrientationPortrait UIInterfaceOrientationPortraitUpsideDown UIInterfaceOrientationLandscapeLeft UIInterfaceOrientationLandscapeRight";
				INFOPLIST_KEY_UISupportedInterfaceOrientations_iPhone = "UIInterfaceOrientationPortrait UIInterfaceOrientationLandscapeLeft UIInterfaceOrientationLandscapeRight";
				LD_RUNPATH_SEARCH_PATHS = (
					"$(inherited)",
					"@executable_path/Frameworks",
				);
				MARKETING_VERSION = 1.0;
				PRODUCT_BUNDLE_IDENTIFIER = com.experiment.MDLab2;
				PRODUCT_NAME = "$(TARGET_NAME)";
				SWIFT_EMIT_LOC_STRINGS = YES;
				SWIFT_VERSION = 5.0;
				TARGETED_DEVICE_FAMILY = "1,2";
			};
			name = Release;
		};
/* End XCBuildConfiguration section */

/* Begin XCConfigurationList section */
		F76A61E42B072375002E014F /* Build configuration list for PBXProject "MDLab2" */ = {
			isa = XCConfigurationList;
			buildConfigurations = (
				F76A61F52B072376002E014F /* Debug */,
				F76A61F62B072376002E014F /* Release */,
			);
			defaultConfigurationIsVisible = 0;
			defaultConfigurationName = Release;
		};
		F76A61F72B072376002E014F /* Build configuration list for PBXNativeTarget "MDLab2" */ = {
			isa = XCConfigurationList;
			buildConfigurations = (
				F76A61F82B072376002E014F /* Debug */,
				F76A61F92B072376002E014F /* Release */,
			);
			defaultConfigurationIsVisible = 0;
			defaultConfigurationName = Release;
		};
/* End XCConfigurationList section */
	};
	rootObject = F76A61E12B072375002E014F /* Project object */;
}
